
Microsoft Visual Studio Solution File, Format Version 12.00
# Visual Studio Version 17
VisualStudioVersion = 17.3.32825.248
MinimumVisualStudioVersion = 10.0.40219.1
Project("{FAE04EC0-301F-11D3-BF4B-00C04F79EFBC}") = "StreamCipher", "StreamCipher\StreamCipher.csproj", "{1E63D924-B6FC-4AB0-8488-67E54F907573}"
EndProject
Global
	GlobalSection(SolutionConfigurationPlatforms) = preSolution
		Debug|Any CPU = Debug|Any CPU
		Release|Any CPU = Release|Any CPU
	EndGlobalSection
	GlobalSection(ProjectConfigurationPlatforms) = postSolution
		{1E63D924-B6FC-4AB0-8488-67E54F907573}.Debug|Any CPU.ActiveCfg = Debug|Any CPU
		{1E63D924-B6FC-4AB0-8488-67E54F907573}.Debug|Any CPU.Build.0 = Debug|Any CPU
		{1E63D924-B6FC-4AB0-8488-67E54F907573}.Release|Any CPU.ActiveCfg = Release|Any CPU
		{1E63D924-B6FC-4AB0-8488-67E54F907573}.Release|Any CPU.Build.0 = Release|Any CPU
	EndGlobalSection
	GlobalSection(SolutionProperties) = preSolution
		HideSolutionNode = FALSE
	EndGlobalSection
	GlobalSection(ExtensibilityGlobals) = postSolution
		SolutionGuid = {106731AD-C026-4D29-A2F3-7A7C289E2419}
	EndGlobalSection
EndGlobal
